
Microsoft Visual Studio Solution File, Format Version 12.00
# Visual Studio Version 16
VisualStudioVersion = 16.0.31911.196
MinimumVisualStudioVersion = 10.0.40219.1
<<<<<<< HEAD:Uebung_9/BWP/BackgroundWorkerProgressbar/BackgroundWorkerProgressbar.sln
Project("{FAE04EC0-301F-11D3-BF4B-00C04F79EFBC}") = "Aufgabe8-1", "Aufgabe8-1\Aufgabe8-1.csproj", "{396BAAE4-D796-4B3C-BCE2-144C93415BEC}"
=======
Project("{FAE04EC0-301F-11D3-BF4B-00C04F79EFBC}") = "Uebung6_1", "Uebung6_1\Uebung6_1.csproj", "{BC0AD1B8-3BC0-4FC0-886F-8D53CFF8C0C1}"
>>>>>>> b9d6ebdbdea527c460c98f7f4d5c5fbd9b40e939:Uebung_6/Uebung6_1/Uebung6_1.sln
EndProject
Global
	GlobalSection(SolutionConfigurationPlatforms) = preSolution
		Debug|Any CPU = Debug|Any CPU
		Release|Any CPU = Release|Any CPU
	EndGlobalSection
	GlobalSection(ProjectConfigurationPlatforms) = postSolution
<<<<<<< HEAD:Uebung_9/BWP/BackgroundWorkerProgressbar/BackgroundWorkerProgressbar.sln
		{396BAAE4-D796-4B3C-BCE2-144C93415BEC}.Debug|Any CPU.ActiveCfg = Debug|Any CPU
		{396BAAE4-D796-4B3C-BCE2-144C93415BEC}.Debug|Any CPU.Build.0 = Debug|Any CPU
		{396BAAE4-D796-4B3C-BCE2-144C93415BEC}.Release|Any CPU.ActiveCfg = Release|Any CPU
		{396BAAE4-D796-4B3C-BCE2-144C93415BEC}.Release|Any CPU.Build.0 = Release|Any CPU
=======
		{BC0AD1B8-3BC0-4FC0-886F-8D53CFF8C0C1}.Debug|Any CPU.ActiveCfg = Debug|Any CPU
		{BC0AD1B8-3BC0-4FC0-886F-8D53CFF8C0C1}.Debug|Any CPU.Build.0 = Debug|Any CPU
		{BC0AD1B8-3BC0-4FC0-886F-8D53CFF8C0C1}.Release|Any CPU.ActiveCfg = Release|Any CPU
		{BC0AD1B8-3BC0-4FC0-886F-8D53CFF8C0C1}.Release|Any CPU.Build.0 = Release|Any CPU
>>>>>>> b9d6ebdbdea527c460c98f7f4d5c5fbd9b40e939:Uebung_6/Uebung6_1/Uebung6_1.sln
	EndGlobalSection
	GlobalSection(SolutionProperties) = preSolution
		HideSolutionNode = FALSE
	EndGlobalSection
	GlobalSection(ExtensibilityGlobals) = postSolution
<<<<<<< HEAD:Uebung_9/BWP/BackgroundWorkerProgressbar/BackgroundWorkerProgressbar.sln
		SolutionGuid = {9B43D946-04B5-407B-B16E-D59A390540B1}
=======
		SolutionGuid = {CEBB39BF-E192-480A-AB77-96AF4197498D}
>>>>>>> b9d6ebdbdea527c460c98f7f4d5c5fbd9b40e939:Uebung_6/Uebung6_1/Uebung6_1.sln
	EndGlobalSection
EndGlobal
