
Microsoft Visual Studio Solution File, Format Version 12.00
# Visual Studio Version 16
VisualStudioVersion = 16.0.31911.196
MinimumVisualStudioVersion = 10.0.40219.1
Project("{9A19103F-16F7-4668-BE54-9A1E7A4F7556}") = "Aufgabe8-2", "Aufgabe8-2\Aufgabe8-2.csproj", "{E8F3D026-4B6B-44EB-830C-FAB2BDE92D72}"
EndProject
Project("{FAE04EC0-301F-11D3-BF4B-00C04F79EFBC}") = "Aufgabe8-1", "Aufgabe8-1\Aufgabe8-1.csproj", "{D4CDEC08-2D72-4E9C-89DB-5D6F1F26576F}"
EndProject
Global
	GlobalSection(SolutionConfigurationPlatforms) = preSolution
		Debug|Any CPU = Debug|Any CPU
		Release|Any CPU = Release|Any CPU
	EndGlobalSection
	GlobalSection(ProjectConfigurationPlatforms) = postSolution
		{E8F3D026-4B6B-44EB-830C-FAB2BDE92D72}.Debug|Any CPU.ActiveCfg = Debug|Any CPU
		{E8F3D026-4B6B-44EB-830C-FAB2BDE92D72}.Debug|Any CPU.Build.0 = Debug|Any CPU
		{E8F3D026-4B6B-44EB-830C-FAB2BDE92D72}.Release|Any CPU.ActiveCfg = Release|Any CPU
		{E8F3D026-4B6B-44EB-830C-FAB2BDE92D72}.Release|Any CPU.Build.0 = Release|Any CPU
		{D4CDEC08-2D72-4E9C-89DB-5D6F1F26576F}.Debug|Any CPU.ActiveCfg = Debug|Any CPU
		{D4CDEC08-2D72-4E9C-89DB-5D6F1F26576F}.Debug|Any CPU.Build.0 = Debug|Any CPU
		{D4CDEC08-2D72-4E9C-89DB-5D6F1F26576F}.Release|Any CPU.ActiveCfg = Release|Any CPU
		{D4CDEC08-2D72-4E9C-89DB-5D6F1F26576F}.Release|Any CPU.Build.0 = Release|Any CPU
	EndGlobalSection
	GlobalSection(SolutionProperties) = preSolution
		HideSolutionNode = FALSE
	EndGlobalSection
	GlobalSection(ExtensibilityGlobals) = postSolution
		SolutionGuid = {D9EE1BE8-2A31-4B5E-B523-0DCAE0F850AB}
	EndGlobalSection
EndGlobal
